{
  "name": "indian-stock-analysis",
  "version": "1.0.0",
  "lockfileVersion": 3,
  "requires": true,
  "packages": {
    "": {
      "name": "indian-stock-analysis",
      "version": "1.0.0",
      "hasInstallScript": true,
      "license": "MIT",
      "devDependencies": {},
      "engines": {
        "node": ">=14.0.0",
        "python": ">=3.8.0"
      }
    }
  }
}
